{
	"name": "goods-display",
	"version": "1.0.0",
	"lockfileVersion": 2,
	"requires": true,
	"packages": {
		"": {
			"version": "1.0.0",
			"license": "ISC",
			"dependencies": {
				"base-64": "^1.0.0",
				"tdesign-miniprogram": "^0.25.0",
				"tslib": "^1.11.1"
			}
		},
		"node_modules/base-64": {
			"version": "1.0.0",
			"resolved": "https://registry.npmmirror.com/base-64/-/base-64-1.0.0.tgz",
			"integrity": "sha512-kwDPIFCGx0NZHog36dj+tHiwP4QMzsZ3AgMViUBKI0+V5n4U0ufTCUMhnQ04diaRI8EX/QcPfql7zlhZ7j4zgg=="
		},
		"node_modules/dayjs": {
			"version": "1.11.6",
			"resolved": "https://registry.npmmirror.com/dayjs/-/dayjs-1.11.6.tgz",
			"integrity": "sha512-zZbY5giJAinCG+7AGaw0wIhNZ6J8AhWuSXKvuc1KAyMiRsvGQWqh4L+MomvhdAYjN+lqvVCMq1I41e3YHvXkyQ=="
		},
		"node_modules/tdesign-miniprogram": {
			"version": "0.25.0",
			"resolved": "https://registry.npmmirror.com/tdesign-miniprogram/-/tdesign-miniprogram-0.25.0.tgz",
			"integrity": "sha512-LYVU/QWGfS1x8z/1TER480cT2anI59k5uJzscWHGn0sCgZtK1aYjUDdauO/nyf+sV5K2T80uEYFdCqUOP4M6kA==",
			"dependencies": {
				"dayjs": "^1.10.7"
			}
		},
		"node_modules/tslib": {
			"version": "1.14.1",
			"resolved": "https://registry.npmmirror.com/tslib/-/tslib-1.14.1.tgz",
			"integrity": "sha512-Xni35NKzjgMrwevysHTCArtLDpPvye8zV/0E4EyYn43P7/7qvQwPh9BGkHewbMulVntbigmcT7rdX3BNo9wRJg=="
		}
	},
	"dependencies": {
		"base-64": {
			"version": "1.0.0",
			"resolved": "https://registry.npmmirror.com/base-64/-/base-64-1.0.0.tgz",
			"integrity": "sha512-kwDPIFCGx0NZHog36dj+tHiwP4QMzsZ3AgMViUBKI0+V5n4U0ufTCUMhnQ04diaRI8EX/QcPfql7zlhZ7j4zgg=="
		},
		"dayjs": {
			"version": "1.11.6",
			"resolved": "https://registry.npmmirror.com/dayjs/-/dayjs-1.11.6.tgz",
			"integrity": "sha512-zZbY5giJAinCG+7AGaw0wIhNZ6J8AhWuSXKvuc1KAyMiRsvGQWqh4L+MomvhdAYjN+lqvVCMq1I41e3YHvXkyQ=="
		},
		"tdesign-miniprogram": {
			"version": "0.25.0",
			"resolved": "https://registry.npmmirror.com/tdesign-miniprogram/-/tdesign-miniprogram-0.25.0.tgz",
			"integrity": "sha512-LYVU/QWGfS1x8z/1TER480cT2anI59k5uJzscWHGn0sCgZtK1aYjUDdauO/nyf+sV5K2T80uEYFdCqUOP4M6kA==",
			"requires": {
				"dayjs": "^1.10.7"
			}
		},
		"tslib": {
			"version": "1.14.1",
			"resolved": "https://registry.npmmirror.com/tslib/-/tslib-1.14.1.tgz",
			"integrity": "sha512-Xni35NKzjgMrwevysHTCArtLDpPvye8zV/0E4EyYn43P7/7qvQwPh9BGkHewbMulVntbigmcT7rdX3BNo9wRJg=="
		}
	}
}
